
Microsoft Visual Studio Solution File, Format Version 12.00
# Visual Studio Version 16
VisualStudioVersion = 25.0.1705.0
MinimumVisualStudioVersion = 10.0.40219.1
Project("{FAE04EC0-301F-11D3-BF4B-00C04F79EFBC}") = "ConsoleApp", "ConsoleApp\ConsoleApp.csproj", "{FEBCC246-EF92-462B-8179-A87CF3A06A8C}"
EndProject
Global
	GlobalSection(SolutionConfigurationPlatforms) = preSolution
		Debug|Any CPU = Debug|Any CPU
		Release|Any CPU = Release|Any CPU
	EndGlobalSection
	GlobalSection(ProjectConfigurationPlatforms) = postSolution
		{FEBCC246-EF92-462B-8179-A87CF3A06A8C}.Debug|Any CPU.ActiveCfg = Debug|Any CPU
		{FEBCC246-EF92-462B-8179-A87CF3A06A8C}.Debug|Any CPU.Build.0 = Debug|Any CPU
		{FEBCC246-EF92-462B-8179-A87CF3A06A8C}.Release|Any CPU.ActiveCfg = Release|Any CPU
		{FEBCC246-EF92-462B-8179-A87CF3A06A8C}.Release|Any CPU.Build.0 = Release|Any CPU
	EndGlobalSection
	GlobalSection(SolutionProperties) = preSolution
		HideSolutionNode = FALSE
	EndGlobalSection
	GlobalSection(ExtensibilityGlobals) = postSolution
		SolutionGuid = {F813E83D-5D10-4ABE-8F97-2AFC60D09069}
	EndGlobalSection
EndGlobal
