
Microsoft Visual Studio Solution File, Format Version 12.00
# Visual Studio Version 16
VisualStudioVersion = 25.0.1705.0
MinimumVisualStudioVersion = 10.0.40219.1
Project("{FAE04EC0-301F-11D3-BF4B-00C04F79EFBC}") = "ConsoleApp", "ConsoleApp\ConsoleApp.csproj", "{AE2752BC-F021-47AF-889C-DCD4516E96E7}"
EndProject
Global
	GlobalSection(SolutionConfigurationPlatforms) = preSolution
		Debug|Any CPU = Debug|Any CPU
		Release|Any CPU = Release|Any CPU
	EndGlobalSection
	GlobalSection(ProjectConfigurationPlatforms) = postSolution
		{AE2752BC-F021-47AF-889C-DCD4516E96E7}.Debug|Any CPU.ActiveCfg = Debug|Any CPU
		{AE2752BC-F021-47AF-889C-DCD4516E96E7}.Debug|Any CPU.Build.0 = Debug|Any CPU
		{AE2752BC-F021-47AF-889C-DCD4516E96E7}.Release|Any CPU.ActiveCfg = Release|Any CPU
		{AE2752BC-F021-47AF-889C-DCD4516E96E7}.Release|Any CPU.Build.0 = Release|Any CPU
	EndGlobalSection
	GlobalSection(SolutionProperties) = preSolution
		HideSolutionNode = FALSE
	EndGlobalSection
	GlobalSection(ExtensibilityGlobals) = postSolution
		SolutionGuid = {724A73CD-23C0-4F26-A412-38B05F0070C7}
	EndGlobalSection
EndGlobal
